
Microsoft Visual Studio Solution File, Format Version 12.00
# Visual Studio Version 16
VisualStudioVersion = 16.0.31005.135
MinimumVisualStudioVersion = 10.0.40219.1
Project("{FAE04EC0-301F-11D3-BF4B-00C04F79EFBC}") = "HomeWork2_1", "HomeWork2_1\HomeWork2_1.csproj", "{2C1DB1DE-F85F-4817-8A09-307A1C9268F8}"
EndProject
Global
	GlobalSection(SolutionConfigurationPlatforms) = preSolution
		Debug|Any CPU = Debug|Any CPU
		Release|Any CPU = Release|Any CPU
	EndGlobalSection
	GlobalSection(ProjectConfigurationPlatforms) = postSolution
		{2C1DB1DE-F85F-4817-8A09-307A1C9268F8}.Debug|Any CPU.ActiveCfg = Debug|Any CPU
		{2C1DB1DE-F85F-4817-8A09-307A1C9268F8}.Debug|Any CPU.Build.0 = Debug|Any CPU
		{2C1DB1DE-F85F-4817-8A09-307A1C9268F8}.Release|Any CPU.ActiveCfg = Release|Any CPU
		{2C1DB1DE-F85F-4817-8A09-307A1C9268F8}.Release|Any CPU.Build.0 = Release|Any CPU
	EndGlobalSection
	GlobalSection(SolutionProperties) = preSolution
		HideSolutionNode = FALSE
	EndGlobalSection
	GlobalSection(ExtensibilityGlobals) = postSolution
		SolutionGuid = {7E0BDDCB-07F0-4853-9549-5802366CDC06}
	EndGlobalSection
EndGlobal
