
Microsoft Visual Studio Solution File, Format Version 12.00
Project("{FAE04EC0-301F-11D3-BF4B-00C04F79EFBC}") = "lesson8", "lesson8\lesson8.csproj", "{68E8B8B8-FB87-4009-94AC-244C89C9D6FC}"
EndProject
Global
	GlobalSection(SolutionConfigurationPlatforms) = preSolution
		Debug|Any CPU = Debug|Any CPU
		Release|Any CPU = Release|Any CPU
	EndGlobalSection
	GlobalSection(ProjectConfigurationPlatforms) = postSolution
		{68E8B8B8-FB87-4009-94AC-244C89C9D6FC}.Debug|Any CPU.ActiveCfg = Debug|Any CPU
		{68E8B8B8-FB87-4009-94AC-244C89C9D6FC}.Debug|Any CPU.Build.0 = Debug|Any CPU
		{68E8B8B8-FB87-4009-94AC-244C89C9D6FC}.Release|Any CPU.ActiveCfg = Release|Any CPU
		{68E8B8B8-FB87-4009-94AC-244C89C9D6FC}.Release|Any CPU.Build.0 = Release|Any CPU
	EndGlobalSection
EndGlobal
